
Microsoft Visual Studio Solution File, Format Version 12.00
# Visual Studio Version 16
VisualStudioVersion = 16.0.32002.261
MinimumVisualStudioVersion = 10.0.40219.1
Project("{9A19103F-16F7-4668-BE54-9A1E7A4F7556}") = "RdlcDotNet5Demo", "RdlcDotNet5Demo\RdlcDotNet5Demo.csproj", "{74BDBA1F-5331-4C36-AE77-D6B1A761F236}"
EndProject
Project("{9A19103F-16F7-4668-BE54-9A1E7A4F7556}") = "ReportDesigner", "ReportDesigner\ReportDesigner.csproj", "{DE5EC726-C838-4BDF-963C-737A796FC8B6}"
EndProject
Global
	GlobalSection(SolutionConfigurationPlatforms) = preSolution
		Debug|Any CPU = Debug|Any CPU
		Release|Any CPU = Release|Any CPU
	EndGlobalSection
	GlobalSection(ProjectConfigurationPlatforms) = postSolution
		{74BDBA1F-5331-4C36-AE77-D6B1A761F236}.Debug|Any CPU.ActiveCfg = Debug|Any CPU
		{74BDBA1F-5331-4C36-AE77-D6B1A761F236}.Debug|Any CPU.Build.0 = Debug|Any CPU
		{74BDBA1F-5331-4C36-AE77-D6B1A761F236}.Release|Any CPU.ActiveCfg = Release|Any CPU
		{74BDBA1F-5331-4C36-AE77-D6B1A761F236}.Release|Any CPU.Build.0 = Release|Any CPU
		{DE5EC726-C838-4BDF-963C-737A796FC8B6}.Debug|Any CPU.ActiveCfg = Debug|Any CPU
		{DE5EC726-C838-4BDF-963C-737A796FC8B6}.Debug|Any CPU.Build.0 = Debug|Any CPU
		{DE5EC726-C838-4BDF-963C-737A796FC8B6}.Release|Any CPU.ActiveCfg = Release|Any CPU
		{DE5EC726-C838-4BDF-963C-737A796FC8B6}.Release|Any CPU.Build.0 = Release|Any CPU
	EndGlobalSection
	GlobalSection(SolutionProperties) = preSolution
		HideSolutionNode = FALSE
	EndGlobalSection
	GlobalSection(ExtensibilityGlobals) = postSolution
		SolutionGuid = {7D6DE9EC-74E8-4159-B0DE-A93AF191CB26}
	EndGlobalSection
EndGlobal
